// !$*UTF8*$!
{
	archiveVersion = 1;
	classes = {
	};
	objectVersion = 56;
	objects = {

/* Begin PBXBuildFile section */
		A62B303D2B3AB49B00872980 /* MyCollectionViewCell1.swift in Sources */ = {isa = PBXBuildFile; fileRef = A62B303C2B3AB49B00872980 /* MyCollectionViewCell1.swift */; };
		A62B303F2B3AB4B000872980 /* MyCollectionViewCell2.swift in Sources */ = {isa = PBXBuildFile; fileRef = A62B303E2B3AB4B000872980 /* MyCollectionViewCell2.swift */; };
		A631A98F2B3A9906004A3B69 /* AppDelegate.swift in Sources */ = {isa = PBXBuildFile; fileRef = A631A98E2B3A9906004A3B69 /* AppDelegate.swift */; };
		A631A9912B3A9906004A3B69 /* SceneDelegate.swift in Sources */ = {isa = PBXBuildFile; fileRef = A631A9902B3A9906004A3B69 /* SceneDelegate.swift */; };
		A631A9932B3A9906004A3B69 /* ViewController.swift in Sources */ = {isa = PBXBuildFile; fileRef = A631A9922B3A9906004A3B69 /* ViewController.swift */; };
		A631A9962B3A9906004A3B69 /* Main.storyboard in Resources */ = {isa = PBXBuildFile; fileRef = A631A9942B3A9906004A3B69 /* Main.storyboard */; };
		A631A9982B3A9907004A3B69 /* Assets.xcassets in Resources */ = {isa = PBXBuildFile; fileRef = A631A9972B3A9907004A3B69 /* Assets.xcassets */; };
		A631A99B2B3A9907004A3B69 /* LaunchScreen.storyboard in Resources */ = {isa = PBXBuildFile; fileRef = A631A9992B3A9907004A3B69 /* LaunchScreen.storyboard */; };
		A69A5AE02B3BFD0B00A3FF45 /* ViewController2.swift in Sources */ = {isa = PBXBuildFile; fileRef = A69A5ADF2B3BFD0B00A3FF45 /* ViewController2.swift */; };
/* End PBXBuildFile section */

/* Begin PBXFileReference section */
		A62B303C2B3AB49B00872980 /* MyCollectionViewCell1.swift */ = {isa = PBXFileReference; lastKnownFileType = sourcecode.swift; path = MyCollectionViewCell1.swift; sourceTree = "<group>"; };
		A62B303E2B3AB4B000872980 /* MyCollectionViewCell2.swift */ = {isa = PBXFileReference; lastKnownFileType = sourcecode.swift; path = MyCollectionViewCell2.swift; sourceTree = "<group>"; };
		A631A98B2B3A9906004A3B69 /* @App.app */ = {isa = PBXFileReference; explicitFileType = wrapper.application; includeInIndex = 0; path = "@App.app"; sourceTree = BUILT_PRODUCTS_DIR; };
		A631A98E2B3A9906004A3B69 /* AppDelegate.swift */ = {isa = PBXFileReference; lastKnownFileType = sourcecode.swift; path = AppDelegate.swift; sourceTree = "<group>"; };
		A631A9902B3A9906004A3B69 /* SceneDelegate.swift */ = {isa = PBXFileReference; lastKnownFileType = sourcecode.swift; path = SceneDelegate.swift; sourceTree = "<group>"; };
		A631A9922B3A9906004A3B69 /* ViewController.swift */ = {isa = PBXFileReference; lastKnownFileType = sourcecode.swift; path = ViewController.swift; sourceTree = "<group>"; };
		A631A9952B3A9906004A3B69 /* Base */ = {isa = PBXFileReference; lastKnownFileType = file.storyboard; name = Base; path = Base.lproj/Main.storyboard; sourceTree = "<group>"; };
		A631A9972B3A9907004A3B69 /* Assets.xcassets */ = {isa = PBXFileReference; lastKnownFileType = folder.assetcatalog; path = Assets.xcassets; sourceTree = "<group>"; };
		A631A99A2B3A9907004A3B69 /* Base */ = {isa = PBXFileReference; lastKnownFileType = file.storyboard; name = Base; path = Base.lproj/LaunchScreen.storyboard; sourceTree = "<group>"; };
		A631A99C2B3A9907004A3B69 /* Info.plist */ = {isa = PBXFileReference; lastKnownFileType = text.plist.xml; path = Info.plist; sourceTree = "<group>"; };
		A69A5ADF2B3BFD0B00A3FF45 /* ViewController2.swift */ = {isa = PBXFileReference; lastKnownFileType = sourcecode.swift; path = ViewController2.swift; sourceTree = "<group>"; };
/* End PBXFileReference section */

/* Begin PBXFrameworksBuildPhase section */
		A631A9882B3A9906004A3B69 /* Frameworks */ = {
			isa = PBXFrameworksBuildPhase;
			buildActionMask = 2147483647;
			files = (
			);
			runOnlyForDeploymentPostprocessing = 0;
		};
/* End PBXFrameworksBuildPhase section */

/* Begin PBXGroup section */
		A631A9822B3A9906004A3B69 = {
			isa = PBXGroup;
			children = (
				A631A98D2B3A9906004A3B69 /* @App */,
				A631A98C2B3A9906004A3B69 /* Products */,
			);
			sourceTree = "<group>";
		};
		A631A98C2B3A9906004A3B69 /* Products */ = {
			isa = PBXGroup;
			children = (
				A631A98B2B3A9906004A3B69 /* @App.app */,
			);
			name = Products;
			sourceTree = "<group>";
		};
		A631A98D2B3A9906004A3B69 /* @App */ = {
			isa = PBXGroup;
			children = (
				A631A98E2B3A9906004A3B69 /* AppDelegate.swift */,
				A631A9902B3A9906004A3B69 /* SceneDelegate.swift */,
				A631A9922B3A9906004A3B69 /* ViewController.swift */,
				A69A5ADF2B3BFD0B00A3FF45 /* ViewController2.swift */,
				A62B303E2B3AB4B000872980 /* MyCollectionViewCell2.swift */,
				A62B303C2B3AB49B00872980 /* MyCollectionViewCell1.swift */,
				A631A9942B3A9906004A3B69 /* Main.storyboard */,
				A631A9972B3A9907004A3B69 /* Assets.xcassets */,
				A631A9992B3A9907004A3B69 /* LaunchScreen.storyboard */,
				A631A99C2B3A9907004A3B69 /* Info.plist */,
			);
			path = "@App";
			sourceTree = "<group>";
		};
/* End PBXGroup section */

/* Begin PBXNativeTarget section */
		A631A98A2B3A9906004A3B69 /* @App */ = {
			isa = PBXNativeTarget;
			buildConfigurationList = A631A99F2B3A9907004A3B69 /* Build configuration list for PBXNativeTarget "@App" */;
			buildPhases = (
				A631A9872B3A9906004A3B69 /* Sources */,
				A631A9882B3A9906004A3B69 /* Frameworks */,
				A631A9892B3A9906004A3B69 /* Resources */,
			);
			buildRules = (
			);
			dependencies = (
			);
			name = "@App";
			productName = "@App";
			productReference = A631A98B2B3A9906004A3B69 /* @App.app */;
			productType = "com.apple.product-type.application";
		};
/* End PBXNativeTarget section */

/* Begin PBXProject section */
		A631A9832B3A9906004A3B69 /* Project object */ = {
			isa = PBXProject;
			attributes = {
				BuildIndependentTargetsInParallel = 1;
				LastSwiftUpdateCheck = 1430;
				LastUpgradeCheck = 1430;
				TargetAttributes = {
					A631A98A2B3A9906004A3B69 = {
						CreatedOnToolsVersion = 14.3.1;
					};
				};
			};
			buildConfigurationList = A631A9862B3A9906004A3B69 /* Build configuration list for PBXProject "App2" */;
			compatibilityVersion = "Xcode 14.0";
			developmentRegion = en;
			hasScannedForEncodings = 0;
			knownRegions = (
				en,
				Base,
			);
			mainGroup = A631A9822B3A9906004A3B69;
			productRefGroup = A631A98C2B3A9906004A3B69 /* Products */;
			projectDirPath = "";
			projectRoot = "";
			targets = (
				A631A98A2B3A9906004A3B69 /* @App */,
			);
		};
/* End PBXProject section */

/* Begin PBXResourcesBuildPhase section */
		A631A9892B3A9906004A3B69 /* Resources */ = {
			isa = PBXResourcesBuildPhase;
			buildActionMask = 2147483647;
			files = (
				A631A99B2B3A9907004A3B69 /* LaunchScreen.storyboard in Resources */,
				A631A9982B3A9907004A3B69 /* Assets.xcassets in Resources */,
				A631A9962B3A9906004A3B69 /* Main.storyboard in Resources */,
			);
			runOnlyForDeploymentPostprocessing = 0;
		};
/* End PBXResourcesBuildPhase section */

/* Begin PBXSourcesBuildPhase section */
		A631A9872B3A9906004A3B69 /* Sources */ = {
			isa = PBXSourcesBuildPhase;
			buildActionMask = 2147483647;
			files = (
				A62B303F2B3AB4B000872980 /* MyCollectionViewCell2.swift in Sources */,
				A62B303D2B3AB49B00872980 /* MyCollectionViewCell1.swift in Sources */,
				A631A9932B3A9906004A3B69 /* ViewController.swift in Sources */,
				A631A98F2B3A9906004A3B69 /* AppDelegate.swift in Sources */,
				A631A9912B3A9906004A3B69 /* SceneDelegate.swift in Sources */,
				A69A5AE02B3BFD0B00A3FF45 /* ViewController2.swift in Sources */,
			);
			runOnlyForDeploymentPostprocessing = 0;
		};
/* End PBXSourcesBuildPhase section */

/* Begin PBXVariantGroup section */
		A631A9942B3A9906004A3B69 /* Main.storyboard */ = {
			isa = PBXVariantGroup;
			children = (
				A631A9952B3A9906004A3B69 /* Base */,
			);
			name = Main.storyboard;
			sourceTree = "<group>";
		};
		A631A9992B3A9907004A3B69 /* LaunchScreen.storyboard */ = {
			isa = PBXVariantGroup;
			children = (
				A631A99A2B3A9907004A3B69 /* Base */,
			);
			name = LaunchScreen.storyboard;
			sourceTree = "<group>";
		};
/* End PBXVariantGroup section */

/* Begin XCBuildConfiguration section */
		A631A99D2B3A9907004A3B69 /* Debug */ = {
			isa = XCBuildConfiguration;
			buildSettings = {
				ALWAYS_SEARCH_USER_PATHS = NO;
				CLANG_ANALYZER_NONNULL = YES;
				CLANG_ANALYZER_NUMBER_OBJECT_CONVERSION = YES_AGGRESSIVE;
				CLANG_CXX_LANGUAGE_STANDARD = "gnu++20";
				CLANG_ENABLE_MODULES = YES;
				CLANG_ENABLE_OBJC_ARC = YES;
				CLANG_ENABLE_OBJC_WEAK = YES;
				CLANG_WARN_BLOCK_CAPTURE_AUTORELEASING = YES;
				CLANG_WARN_BOOL_CONVERSION = YES;
				CLANG_WARN_COMMA = YES;
				CLANG_WARN_CONSTANT_CONVERSION = YES;
				CLANG_WARN_DEPRECATED_OBJC_IMPLEMENTATIONS = YES;
				CLANG_WARN_DIRECT_OBJC_ISA_USAGE = YES_ERROR;
				CLANG_WARN_DOCUMENTATION_COMMENTS = YES;
				CLANG_WARN_EMPTY_BODY = YES;
				CLANG_WARN_ENUM_CONVERSION = YES;
				CLANG_WARN_INFINITE_RECURSION = YES;
				CLANG_WARN_INT_CONVERSION = YES;
				CLANG_WARN_NON_LITERAL_NULL_CONVERSION = YES;
				CLANG_WARN_OBJC_IMPLICIT_RETAIN_SELF = YES;
				CLANG_WARN_OBJC_LITERAL_CONVERSION = YES;
				CLANG_WARN_OBJC_ROOT_CLASS = YES_ERROR;
				CLANG_WARN_QUOTED_INCLUDE_IN_FRAMEWORK_HEADER = YES;
				CLANG_WARN_RANGE_LOOP_ANALYSIS = YES;
				CLANG_WARN_STRICT_PROTOTYPES = YES;
				CLANG_WARN_SUSPICIOUS_MOVE = YES;
				CLANG_WARN_UNGUARDED_AVAILABILITY = YES_AGGRESSIVE;
				CLANG_WARN_UNREACHABLE_CODE = YES;
				CLANG_WARN__DUPLICATE_METHOD_MATCH = YES;
				COPY_PHASE_STRIP = NO;
				DEBUG_INFORMATION_FORMAT = dwarf;
				ENABLE_STRICT_OBJC_MSGSEND = YES;
				ENABLE_TESTABILITY = YES;
				GCC_C_LANGUAGE_STANDARD = gnu11;
				GCC_DYNAMIC_NO_PIC = NO;
				GCC_NO_COMMON_BLOCKS = YES;
				GCC_OPTIMIZATION_LEVEL = 0;
				GCC_PREPROCESSOR_DEFINITIONS = (
					"DEBUG=1",
					"$(inherited)",
				);
				GCC_WARN_64_TO_32_BIT_CONVERSION = YES;
				GCC_WARN_ABOUT_RETURN_TYPE = YES_ERROR;
				GCC_WARN_UNDECLARED_SELECTOR = YES;
				GCC_WARN_UNINITIALIZED_AUTOS = YES_AGGRESSIVE;
				GCC_WARN_UNUSED_FUNCTION = YES;
				GCC_WARN_UNUSED_VARIABLE = YES;
				IPHONEOS_DEPLOYMENT_TARGET = 16.4;
				MTL_ENABLE_DEBUG_INFO = INCLUDE_SOURCE;
				MTL_FAST_MATH = YES;
				ONLY_ACTIVE_ARCH = YES;
				SDKROOT = iphoneos;
				SWIFT_ACTIVE_COMPILATION_CONDITIONS = DEBUG;
				SWIFT_OPTIMIZATION_LEVEL = "-Onone";
			};
			name = Debug;
		};
		A631A99E2B3A9907004A3B69 /* Release */ = {
			isa = XCBuildConfiguration;
			buildSettings = {
				ALWAYS_SEARCH_USER_PATHS = NO;
				CLANG_ANALYZER_NONNULL = YES;
				CLANG_ANALYZER_NUMBER_OBJECT_CONVERSION = YES_AGGRESSIVE;
				CLANG_CXX_LANGUAGE_STANDARD = "gnu++20";
				CLANG_ENABLE_MODULES = YES;
				CLANG_ENABLE_OBJC_ARC = YES;
				CLANG_ENABLE_OBJC_WEAK = YES;
				CLANG_WARN_BLOCK_CAPTURE_AUTORELEASING = YES;
				CLANG_WARN_BOOL_CONVERSION = YES;
				CLANG_WARN_COMMA = YES;
				CLANG_WARN_CONSTANT_CONVERSION = YES;
				CLANG_WARN_DEPRECATED_OBJC_IMPLEMENTATIONS = YES;
				CLANG_WARN_DIRECT_OBJC_ISA_USAGE = YES_ERROR;
				CLANG_WARN_DOCUMENTATION_COMMENTS = YES;
				CLANG_WARN_EMPTY_BODY = YES;
				CLANG_WARN_ENUM_CONVERSION = YES;
				CLANG_WARN_INFINITE_RECURSION = YES;
				CLANG_WARN_INT_CONVERSION = YES;
				CLANG_WARN_NON_LITERAL_NULL_CONVERSION = YES;
				CLANG_WARN_OBJC_IMPLICIT_RETAIN_SELF = YES;
				CLANG_WARN_OBJC_LITERAL_CONVERSION = YES;
				CLANG_WARN_OBJC_ROOT_CLASS = YES_ERROR;
				CLANG_WARN_QUOTED_INCLUDE_IN_FRAMEWORK_HEADER = YES;
				CLANG_WARN_RANGE_LOOP_ANALYSIS = YES;
				CLANG_WARN_STRICT_PROTOTYPES = YES;
				CLANG_WARN_SUSPICIOUS_MOVE = YES;
				CLANG_WARN_UNGUARDED_AVAILABILITY = YES_AGGRESSIVE;
				CLANG_WARN_UNREACHABLE_CODE = YES;
				CLANG_WARN__DUPLICATE_METHOD_MATCH = YES;
				COPY_PHASE_STRIP = NO;
				DEBUG_INFORMATION_FORMAT = "dwarf-with-dsym";
				ENABLE_NS_ASSERTIONS = NO;
				ENABLE_STRICT_OBJC_MSGSEND = YES;
				GCC_C_LANGUAGE_STANDARD = gnu11;
				GCC_NO_COMMON_BLOCKS = YES;
				GCC_WARN_64_TO_32_BIT_CONVERSION = YES;
				GCC_WARN_ABOUT_RETURN_TYPE = YES_ERROR;
				GCC_WARN_UNDECLARED_SELECTOR = YES;
				GCC_WARN_UNINITIALIZED_AUTOS = YES_AGGRESSIVE;
				GCC_WARN_UNUSED_FUNCTION = YES;
				GCC_WARN_UNUSED_VARIABLE = YES;
				IPHONEOS_DEPLOYMENT_TARGET = 16.4;
				MTL_ENABLE_DEBUG_INFO = NO;
				MTL_FAST_MATH = YES;
				SDKROOT = iphoneos;
				SWIFT_COMPILATION_MODE = wholemodule;
				SWIFT_OPTIMIZATION_LEVEL = "-O";
				VALIDATE_PRODUCT = YES;
			};
			name = Release;
		};
		A631A9A02B3A9907004A3B69 /* Debug */ = {
			isa = XCBuildConfiguration;
			buildSettings = {
				ASSETCATALOG_COMPILER_APPICON_NAME = AppIcon;
				ASSETCATALOG_COMPILER_GLOBAL_ACCENT_COLOR_NAME = AccentColor;
				CODE_SIGN_STYLE = Automatic;
				CURRENT_PROJECT_VERSION = 1;
				DEVELOPMENT_TEAM = 2KQ3Z34T9G;
				GENERATE_INFOPLIST_FILE = YES;
				INFOPLIST_FILE = "@App/Info.plist";
				INFOPLIST_KEY_UIApplicationSupportsIndirectInputEvents = YES;
				INFOPLIST_KEY_UILaunchStoryboardName = LaunchScreen;
				INFOPLIST_KEY_UIMainStoryboardFile = Main;
				INFOPLIST_KEY_UISupportedInterfaceOrientations_iPad = "UIInterfaceOrientationPortrait UIInterfaceOrientationPortraitUpsideDown UIInterfaceOrientationLandscapeLeft UIInterfaceOrientationLandscapeRight";
				INFOPLIST_KEY_UISupportedInterfaceOrientations_iPhone = "UIInterfaceOrientationPortrait UIInterfaceOrientationLandscapeLeft UIInterfaceOrientationLandscapeRight";
				LD_RUNPATH_SEARCH_PATHS = (
					"$(inherited)",
					"@executable_path/Frameworks",
				);
				MARKETING_VERSION = 1.0;
				PRODUCT_BUNDLE_IDENTIFIER = "com.-Twitter.-App";
				PRODUCT_NAME = "$(TARGET_NAME)";
				SWIFT_EMIT_LOC_STRINGS = YES;
				SWIFT_VERSION = 5.0;
				TARGETED_DEVICE_FAMILY = "1,2";
			};
			name = Debug;
		};
		A631A9A12B3A9907004A3B69 /* Release */ = {
			isa = XCBuildConfiguration;
			buildSettings = {
				ASSETCATALOG_COMPILER_APPICON_NAME = AppIcon;
				ASSETCATALOG_COMPILER_GLOBAL_ACCENT_COLOR_NAME = AccentColor;
				CODE_SIGN_STYLE = Automatic;
				CURRENT_PROJECT_VERSION = 1;
				DEVELOPMENT_TEAM = 2KQ3Z34T9G;
				GENERATE_INFOPLIST_FILE = YES;
				INFOPLIST_FILE = "@App/Info.plist";
				INFOPLIST_KEY_UIApplicationSupportsIndirectInputEvents = YES;
				INFOPLIST_KEY_UILaunchStoryboardName = LaunchScreen;
				INFOPLIST_KEY_UIMainStoryboardFile = Main;
				INFOPLIST_KEY_UISupportedInterfaceOrientations_iPad = "UIInterfaceOrientationPortrait UIInterfaceOrientationPortraitUpsideDown UIInterfaceOrientationLandscapeLeft UIInterfaceOrientationLandscapeRight";
				INFOPLIST_KEY_UISupportedInterfaceOrientations_iPhone = "UIInterfaceOrientationPortrait UIInterfaceOrientationLandscapeLeft UIInterfaceOrientationLandscapeRight";
				LD_RUNPATH_SEARCH_PATHS = (
					"$(inherited)",
					"@executable_path/Frameworks",
				);
				MARKETING_VERSION = 1.0;
				PRODUCT_BUNDLE_IDENTIFIER = "com.-Twitter.-App";
				PRODUCT_NAME = "$(TARGET_NAME)";
				SWIFT_EMIT_LOC_STRINGS = YES;
				SWIFT_VERSION = 5.0;
				TARGETED_DEVICE_FAMILY = "1,2";
			};
			name = Release;
		};
/* End XCBuildConfiguration section */

/* Begin XCConfigurationList section */
		A631A9862B3A9906004A3B69 /* Build configuration list for PBXProject "App2" */ = {
			isa = XCConfigurationList;
			buildConfigurations = (
				A631A99D2B3A9907004A3B69 /* Debug */,
				A631A99E2B3A9907004A3B69 /* Release */,
			);
			defaultConfigurationIsVisible = 0;
			defaultConfigurationName = Release;
		};
		A631A99F2B3A9907004A3B69 /* Build configuration list for PBXNativeTarget "@App" */ = {
			isa = XCConfigurationList;
			buildConfigurations = (
				A631A9A02B3A9907004A3B69 /* Debug */,
				A631A9A12B3A9907004A3B69 /* Release */,
			);
			defaultConfigurationIsVisible = 0;
			defaultConfigurationName = Release;
		};
/* End XCConfigurationList section */
	};
	rootObject = A631A9832B3A9906004A3B69 /* Project object */;
}
